
Microsoft Visual Studio Solution File, Format Version 12.00
# Visual Studio Version 17
VisualStudioVersion = 17.8.34408.163
MinimumVisualStudioVersion = 10.0.40219.1
Project("{FAE04EC0-301F-11D3-BF4B-00C04F79EFBC}") = "Decorator", "Decorator\Decorator.csproj", "{D87DD0D5-1402-4E05-BF16-12322CC04B1E}"
EndProject
Global
	GlobalSection(SolutionConfigurationPlatforms) = preSolution
		Debug|Any CPU = Debug|Any CPU
		Release|Any CPU = Release|Any CPU
	EndGlobalSection
	GlobalSection(ProjectConfigurationPlatforms) = postSolution
		{D87DD0D5-1402-4E05-BF16-12322CC04B1E}.Debug|Any CPU.ActiveCfg = Debug|Any CPU
		{D87DD0D5-1402-4E05-BF16-12322CC04B1E}.Debug|Any CPU.Build.0 = Debug|Any CPU
		{D87DD0D5-1402-4E05-BF16-12322CC04B1E}.Release|Any CPU.ActiveCfg = Release|Any CPU
		{D87DD0D5-1402-4E05-BF16-12322CC04B1E}.Release|Any CPU.Build.0 = Release|Any CPU
	EndGlobalSection
	GlobalSection(SolutionProperties) = preSolution
		HideSolutionNode = FALSE
	EndGlobalSection
	GlobalSection(ExtensibilityGlobals) = postSolution
		SolutionGuid = {9051B761-CB2A-4C50-9FEE-6FCE59D77BB7}
	EndGlobalSection
EndGlobal
